
Microsoft Visual Studio Solution File, Format Version 12.00
# Visual Studio Version 16
VisualStudioVersion = 16.0.33801.447
MinimumVisualStudioVersion = 10.0.40219.1
Project("{FAE04EC0-301F-11D3-BF4B-00C04F79EFBC}") = "ProyectoAplicada", "ProyectoAplicada\ProyectoAplicada.csproj", "{3AD4EF68-2273-4769-BBCB-987B18829119}"
EndProject
Global
	GlobalSection(SolutionConfigurationPlatforms) = preSolution
		Debug|Any CPU = Debug|Any CPU
		Release|Any CPU = Release|Any CPU
	EndGlobalSection
	GlobalSection(ProjectConfigurationPlatforms) = postSolution
		{3AD4EF68-2273-4769-BBCB-987B18829119}.Debug|Any CPU.ActiveCfg = Debug|Any CPU
		{3AD4EF68-2273-4769-BBCB-987B18829119}.Debug|Any CPU.Build.0 = Debug|Any CPU
		{3AD4EF68-2273-4769-BBCB-987B18829119}.Release|Any CPU.ActiveCfg = Release|Any CPU
		{3AD4EF68-2273-4769-BBCB-987B18829119}.Release|Any CPU.Build.0 = Release|Any CPU
	EndGlobalSection
	GlobalSection(SolutionProperties) = preSolution
		HideSolutionNode = FALSE
	EndGlobalSection
	GlobalSection(ExtensibilityGlobals) = postSolution
		SolutionGuid = {719A534E-2549-4DC7-AF92-0A0538699F70}
	EndGlobalSection
EndGlobal
